
Microsoft Visual Studio Solution File, Format Version 12.00
# Visual Studio 14
VisualStudioVersion = 14.0.25420.1
MinimumVisualStudioVersion = 10.0.40219.1
Project("{FAE04EC0-301F-11D3-BF4B-00C04F79EFBC}") = "Gearbox", "Gearbox\Gearbox.csproj", "{BDD83702-FCBA-42C8-B0B7-0D01D36566B7}"
EndProject
Project("{FAE04EC0-301F-11D3-BF4B-00C04F79EFBC}") = "FiveSpeedGearBox", "FiveSpeedGearBox\FiveSpeedGearBox.csproj", "{6B69877B-E8D0-43A9-B452-1169A6C10C87}"
EndProject
Project("{FAE04EC0-301F-11D3-BF4B-00C04F79EFBC}") = "GearboxContracts", "GearboxContracts\GearboxContracts.csproj", "{4CE4A96C-A2B9-4D69-999E-6650488E526B}"
EndProject
Project("{FAE04EC0-301F-11D3-BF4B-00C04F79EFBC}") = "GearboxComputer", "GearboxComputer\GearboxComputer.csproj", "{80DEAE19-7268-4480-8EA7-588295FB732A}"
EndProject
Global
	GlobalSection(SolutionConfigurationPlatforms) = preSolution
		Debug|Any CPU = Debug|Any CPU
		Release|Any CPU = Release|Any CPU
	EndGlobalSection
	GlobalSection(ProjectConfigurationPlatforms) = postSolution
		{BDD83702-FCBA-42C8-B0B7-0D01D36566B7}.Debug|Any CPU.ActiveCfg = Debug|Any CPU
		{BDD83702-FCBA-42C8-B0B7-0D01D36566B7}.Debug|Any CPU.Build.0 = Debug|Any CPU
		{BDD83702-FCBA-42C8-B0B7-0D01D36566B7}.Release|Any CPU.ActiveCfg = Release|Any CPU
		{BDD83702-FCBA-42C8-B0B7-0D01D36566B7}.Release|Any CPU.Build.0 = Release|Any CPU
		{6B69877B-E8D0-43A9-B452-1169A6C10C87}.Debug|Any CPU.ActiveCfg = Debug|Any CPU
		{6B69877B-E8D0-43A9-B452-1169A6C10C87}.Debug|Any CPU.Build.0 = Debug|Any CPU
		{6B69877B-E8D0-43A9-B452-1169A6C10C87}.Release|Any CPU.ActiveCfg = Release|Any CPU
		{6B69877B-E8D0-43A9-B452-1169A6C10C87}.Release|Any CPU.Build.0 = Release|Any CPU
		{4CE4A96C-A2B9-4D69-999E-6650488E526B}.Debug|Any CPU.ActiveCfg = Debug|Any CPU
		{4CE4A96C-A2B9-4D69-999E-6650488E526B}.Debug|Any CPU.Build.0 = Debug|Any CPU
		{4CE4A96C-A2B9-4D69-999E-6650488E526B}.Release|Any CPU.ActiveCfg = Release|Any CPU
		{4CE4A96C-A2B9-4D69-999E-6650488E526B}.Release|Any CPU.Build.0 = Release|Any CPU
		{80DEAE19-7268-4480-8EA7-588295FB732A}.Debug|Any CPU.ActiveCfg = Debug|Any CPU
		{80DEAE19-7268-4480-8EA7-588295FB732A}.Debug|Any CPU.Build.0 = Debug|Any CPU
		{80DEAE19-7268-4480-8EA7-588295FB732A}.Release|Any CPU.ActiveCfg = Release|Any CPU
		{80DEAE19-7268-4480-8EA7-588295FB732A}.Release|Any CPU.Build.0 = Release|Any CPU
	EndGlobalSection
	GlobalSection(SolutionProperties) = preSolution
		HideSolutionNode = FALSE
	EndGlobalSection
EndGlobal
